
Microsoft Visual Studio Solution File, Format Version 12.00
# Visual Studio Version 17
VisualStudioVersion = 17.10.34707.107
MinimumVisualStudioVersion = 10.0.40219.1
Project("{FAE04EC0-301F-11D3-BF4B-00C04F79EFBC}") = "JWTAuthExample", "JWTAuthExample\JWTAuthExample.csproj", "{39DB2C7E-ABDF-4E60-9F85-48E98DC202E5}"
EndProject
Global
	GlobalSection(SolutionConfigurationPlatforms) = preSolution
		Debug|Any CPU = Debug|Any CPU
		Release|Any CPU = Release|Any CPU
	EndGlobalSection
	GlobalSection(ProjectConfigurationPlatforms) = postSolution
		{39DB2C7E-ABDF-4E60-9F85-48E98DC202E5}.Debug|Any CPU.ActiveCfg = Debug|Any CPU
		{39DB2C7E-ABDF-4E60-9F85-48E98DC202E5}.Debug|Any CPU.Build.0 = Debug|Any CPU
		{39DB2C7E-ABDF-4E60-9F85-48E98DC202E5}.Release|Any CPU.ActiveCfg = Release|Any CPU
		{39DB2C7E-ABDF-4E60-9F85-48E98DC202E5}.Release|Any CPU.Build.0 = Release|Any CPU
	EndGlobalSection
	GlobalSection(SolutionProperties) = preSolution
		HideSolutionNode = FALSE
	EndGlobalSection
	GlobalSection(ExtensibilityGlobals) = postSolution
		SolutionGuid = {E2488C8A-C378-4439-8FC2-687729F52A59}
	EndGlobalSection
EndGlobal
